// !$*UTF8*$!
{
	archiveVersion = 1;
	classes = {
	};
	objectVersion = 46;
	objects = {

/* Begin PBXBuildFile section */
		C91C62C478E9BF43E81BA6E8 /* Pods_DeveloperChat.framework in Frameworks */ = {isa = PBXBuildFile; fileRef = D15A8FC643719352565A7289 /* Pods_DeveloperChat.framework */; };
		D852329F1E46644800E3325D /* AppDelegate.swift in Sources */ = {isa = PBXBuildFile; fileRef = D852329E1E46644800E3325D /* AppDelegate.swift */; };
		D85232A11E46644800E3325D /* CameraVC.swift in Sources */ = {isa = PBXBuildFile; fileRef = D85232A01E46644800E3325D /* CameraVC.swift */; };
		D85232A41E46644800E3325D /* Main.storyboard in Resources */ = {isa = PBXBuildFile; fileRef = D85232A21E46644800E3325D /* Main.storyboard */; };
		D85232A61E46644800E3325D /* Assets.xcassets in Resources */ = {isa = PBXBuildFile; fileRef = D85232A51E46644800E3325D /* Assets.xcassets */; };
		D85232A91E46644800E3325D /* LaunchScreen.storyboard in Resources */ = {isa = PBXBuildFile; fileRef = D85232A71E46644800E3325D /* LaunchScreen.storyboard */; };
		D8A2BC501E476458003DA674 /* AAPLCameraViewController.m in Sources */ = {isa = PBXBuildFile; fileRef = D8A2BC4D1E476458003DA674 /* AAPLCameraViewController.m */; };
		D8A2BC511E476458003DA674 /* AAPLPreviewView.m in Sources */ = {isa = PBXBuildFile; fileRef = D8A2BC4F1E476458003DA674 /* AAPLPreviewView.m */; };
		D8A2BC571E48AEA7003DA674 /* GoogleService-Info.plist in Resources */ = {isa = PBXBuildFile; fileRef = D8A2BC561E48AEA7003DA674 /* GoogleService-Info.plist */; };
		D8A2BC591E48B70D003DA674 /* RoundTextField.swift in Sources */ = {isa = PBXBuildFile; fileRef = D8A2BC581E48B70D003DA674 /* RoundTextField.swift */; };
		D8A2BC5B1E48BB99003DA674 /* RoundedButton.swift in Sources */ = {isa = PBXBuildFile; fileRef = D8A2BC5A1E48BB99003DA674 /* RoundedButton.swift */; };
		D8A2BC5D1E48C6BF003DA674 /* LoginVC.swift in Sources */ = {isa = PBXBuildFile; fileRef = D8A2BC5C1E48C6BF003DA674 /* LoginVC.swift */; };
		D8A2BC611E48C987003DA674 /* AuthService.swift in Sources */ = {isa = PBXBuildFile; fileRef = D8A2BC601E48C987003DA674 /* AuthService.swift */; };
		D8A2BC631E48D346003DA674 /* DataService.swift in Sources */ = {isa = PBXBuildFile; fileRef = D8A2BC621E48D346003DA674 /* DataService.swift */; };
		D8A2BC651E48D63F003DA674 /* UsersVC.swift in Sources */ = {isa = PBXBuildFile; fileRef = D8A2BC641E48D63F003DA674 /* UsersVC.swift */; };
		D8A2BC671E48D72E003DA674 /* UserCell.swift in Sources */ = {isa = PBXBuildFile; fileRef = D8A2BC661E48D72E003DA674 /* UserCell.swift */; };
		D8A2BC6A1E48DA44003DA674 /* User.swift in Sources */ = {isa = PBXBuildFile; fileRef = D8A2BC691E48DA44003DA674 /* User.swift */; };
/* End PBXBuildFile section */

/* Begin PBXFileReference section */
		4E56197560AB54FA1FA65CAE /* Pods-DeveloperChat.debug.xcconfig */ = {isa = PBXFileReference; includeInIndex = 1; lastKnownFileType = text.xcconfig; name = "Pods-DeveloperChat.debug.xcconfig"; path = "Pods/Target Support Files/Pods-DeveloperChat/Pods-DeveloperChat.debug.xcconfig"; sourceTree = "<group>"; };
		6E8E6CB62FFA0CFF07F34356 /* Pods-DeveloperChat.release.xcconfig */ = {isa = PBXFileReference; includeInIndex = 1; lastKnownFileType = text.xcconfig; name = "Pods-DeveloperChat.release.xcconfig"; path = "Pods/Target Support Files/Pods-DeveloperChat/Pods-DeveloperChat.release.xcconfig"; sourceTree = "<group>"; };
		D15A8FC643719352565A7289 /* Pods_DeveloperChat.framework */ = {isa = PBXFileReference; explicitFileType = wrapper.framework; includeInIndex = 0; path = Pods_DeveloperChat.framework; sourceTree = BUILT_PRODUCTS_DIR; };
		D852329B1E46644700E3325D /* DeveloperChat.app */ = {isa = PBXFileReference; explicitFileType = wrapper.application; includeInIndex = 0; path = DeveloperChat.app; sourceTree = BUILT_PRODUCTS_DIR; };
		D852329E1E46644800E3325D /* AppDelegate.swift */ = {isa = PBXFileReference; lastKnownFileType = sourcecode.swift; path = AppDelegate.swift; sourceTree = "<group>"; };
		D85232A01E46644800E3325D /* CameraVC.swift */ = {isa = PBXFileReference; lastKnownFileType = sourcecode.swift; path = CameraVC.swift; sourceTree = "<group>"; };
		D85232A31E46644800E3325D /* Base */ = {isa = PBXFileReference; lastKnownFileType = file.storyboard; name = Base; path = Base.lproj/Main.storyboard; sourceTree = "<group>"; };
		D85232A51E46644800E3325D /* Assets.xcassets */ = {isa = PBXFileReference; lastKnownFileType = folder.assetcatalog; path = Assets.xcassets; sourceTree = "<group>"; };
		D85232A81E46644800E3325D /* Base */ = {isa = PBXFileReference; lastKnownFileType = file.storyboard; name = Base; path = Base.lproj/LaunchScreen.storyboard; sourceTree = "<group>"; };
		D85232AA1E46644800E3325D /* Info.plist */ = {isa = PBXFileReference; lastKnownFileType = text.plist.xml; path = Info.plist; sourceTree = "<group>"; };
		D8A2BC4B1E476457003DA674 /* DeveloperChat-Bridging-Header.h */ = {isa = PBXFileReference; lastKnownFileType = sourcecode.c.h; path = "DeveloperChat-Bridging-Header.h"; sourceTree = "<group>"; };
		D8A2BC4C1E476458003DA674 /* AAPLCameraViewController.h */ = {isa = PBXFileReference; fileEncoding = 4; lastKnownFileType = sourcecode.c.h; path = AAPLCameraViewController.h; sourceTree = "<group>"; };
		D8A2BC4D1E476458003DA674 /* AAPLCameraViewController.m */ = {isa = PBXFileReference; fileEncoding = 4; lastKnownFileType = sourcecode.c.objc; path = AAPLCameraViewController.m; sourceTree = "<group>"; };
		D8A2BC4E1E476458003DA674 /* AAPLPreviewView.h */ = {isa = PBXFileReference; fileEncoding = 4; lastKnownFileType = sourcecode.c.h; path = AAPLPreviewView.h; sourceTree = "<group>"; };
		D8A2BC4F1E476458003DA674 /* AAPLPreviewView.m */ = {isa = PBXFileReference; fileEncoding = 4; lastKnownFileType = sourcecode.c.objc; path = AAPLPreviewView.m; sourceTree = "<group>"; };
		D8A2BC551E481EC8003DA674 /* AAPLCameraVCDelegate.h */ = {isa = PBXFileReference; fileEncoding = 4; lastKnownFileType = sourcecode.c.h; path = AAPLCameraVCDelegate.h; sourceTree = "<group>"; };
		D8A2BC561E48AEA7003DA674 /* GoogleService-Info.plist */ = {isa = PBXFileReference; fileEncoding = 4; lastKnownFileType = text.plist.xml; path = "GoogleService-Info.plist"; sourceTree = "<group>"; };
		D8A2BC581E48B70D003DA674 /* RoundTextField.swift */ = {isa = PBXFileReference; fileEncoding = 4; lastKnownFileType = sourcecode.swift; path = RoundTextField.swift; sourceTree = "<group>"; };
		D8A2BC5A1E48BB99003DA674 /* RoundedButton.swift */ = {isa = PBXFileReference; fileEncoding = 4; lastKnownFileType = sourcecode.swift; path = RoundedButton.swift; sourceTree = "<group>"; };
		D8A2BC5C1E48C6BF003DA674 /* LoginVC.swift */ = {isa = PBXFileReference; fileEncoding = 4; lastKnownFileType = sourcecode.swift; path = LoginVC.swift; sourceTree = "<group>"; };
		D8A2BC601E48C987003DA674 /* AuthService.swift */ = {isa = PBXFileReference; fileEncoding = 4; lastKnownFileType = sourcecode.swift; path = AuthService.swift; sourceTree = "<group>"; };
		D8A2BC621E48D346003DA674 /* DataService.swift */ = {isa = PBXFileReference; fileEncoding = 4; lastKnownFileType = sourcecode.swift; path = DataService.swift; sourceTree = "<group>"; };
		D8A2BC641E48D63F003DA674 /* UsersVC.swift */ = {isa = PBXFileReference; fileEncoding = 4; lastKnownFileType = sourcecode.swift; path = UsersVC.swift; sourceTree = "<group>"; };
		D8A2BC661E48D72E003DA674 /* UserCell.swift */ = {isa = PBXFileReference; fileEncoding = 4; lastKnownFileType = sourcecode.swift; path = UserCell.swift; sourceTree = "<group>"; };
		D8A2BC691E48DA44003DA674 /* User.swift */ = {isa = PBXFileReference; fileEncoding = 4; lastKnownFileType = sourcecode.swift; path = User.swift; sourceTree = "<group>"; };
/* End PBXFileReference section */

/* Begin PBXFrameworksBuildPhase section */
		D85232981E46644700E3325D /* Frameworks */ = {
			isa = PBXFrameworksBuildPhase;
			buildActionMask = 2147483647;
			files = (
				C91C62C478E9BF43E81BA6E8 /* Pods_DeveloperChat.framework in Frameworks */,
			);
			runOnlyForDeploymentPostprocessing = 0;
		};
/* End PBXFrameworksBuildPhase section */

/* Begin PBXGroup section */
		6256CC9FFB8FFDF4906BCC4C /* Frameworks */ = {
			isa = PBXGroup;
			children = (
				D15A8FC643719352565A7289 /* Pods_DeveloperChat.framework */,
			);
			name = Frameworks;
			sourceTree = "<group>";
		};
		87D51305082ADB9F6421E9A7 /* Pods */ = {
			isa = PBXGroup;
			children = (
				4E56197560AB54FA1FA65CAE /* Pods-DeveloperChat.debug.xcconfig */,
				6E8E6CB62FFA0CFF07F34356 /* Pods-DeveloperChat.release.xcconfig */,
			);
			name = Pods;
			sourceTree = "<group>";
		};
		D85232921E46644700E3325D = {
			isa = PBXGroup;
			children = (
				D852329D1E46644800E3325D /* DeveloperChat */,
				D852329C1E46644700E3325D /* Products */,
				87D51305082ADB9F6421E9A7 /* Pods */,
				6256CC9FFB8FFDF4906BCC4C /* Frameworks */,
			);
			sourceTree = "<group>";
		};
		D852329C1E46644700E3325D /* Products */ = {
			isa = PBXGroup;
			children = (
				D852329B1E46644700E3325D /* DeveloperChat.app */,
			);
			name = Products;
			sourceTree = "<group>";
		};
		D852329D1E46644800E3325D /* DeveloperChat */ = {
			isa = PBXGroup;
			children = (
				D8A2BC5E1E48C96F003DA674 /* Services */,
				D8A2BC521E481DB3003DA674 /* Protocols */,
				D8A2BC681E48DA35003DA674 /* Model */,
				D85232B71E46728B00E3325D /* View */,
				D85232B61E46728100E3325D /* Controller */,
				D852329E1E46644800E3325D /* AppDelegate.swift */,
				D85232A21E46644800E3325D /* Main.storyboard */,
				D85232A51E46644800E3325D /* Assets.xcassets */,
				D85232A71E46644800E3325D /* LaunchScreen.storyboard */,
				D85232AA1E46644800E3325D /* Info.plist */,
				D8A2BC4B1E476457003DA674 /* DeveloperChat-Bridging-Header.h */,
				D8A2BC561E48AEA7003DA674 /* GoogleService-Info.plist */,
			);
			path = DeveloperChat;
			sourceTree = "<group>";
		};
		D85232B61E46728100E3325D /* Controller */ = {
			isa = PBXGroup;
			children = (
				D8A2BC4C1E476458003DA674 /* AAPLCameraViewController.h */,
				D8A2BC4D1E476458003DA674 /* AAPLCameraViewController.m */,
				D85232A01E46644800E3325D /* CameraVC.swift */,
				D8A2BC5C1E48C6BF003DA674 /* LoginVC.swift */,
				D8A2BC641E48D63F003DA674 /* UsersVC.swift */,
			);
			name = Controller;
			sourceTree = "<group>";
		};
		D85232B71E46728B00E3325D /* View */ = {
			isa = PBXGroup;
			children = (
				D8A2BC4E1E476458003DA674 /* AAPLPreviewView.h */,
				D8A2BC4F1E476458003DA674 /* AAPLPreviewView.m */,
				D8A2BC581E48B70D003DA674 /* RoundTextField.swift */,
				D8A2BC5A1E48BB99003DA674 /* RoundedButton.swift */,
				D8A2BC661E48D72E003DA674 /* UserCell.swift */,
			);
			name = View;
			sourceTree = "<group>";
		};
		D8A2BC521E481DB3003DA674 /* Protocols */ = {
			isa = PBXGroup;
			children = (
				D8A2BC551E481EC8003DA674 /* AAPLCameraVCDelegate.h */,
			);
			name = Protocols;
			sourceTree = "<group>";
		};
		D8A2BC5E1E48C96F003DA674 /* Services */ = {
			isa = PBXGroup;
			children = (
				D8A2BC601E48C987003DA674 /* AuthService.swift */,
				D8A2BC621E48D346003DA674 /* DataService.swift */,
			);
			name = Services;
			sourceTree = "<group>";
		};
		D8A2BC681E48DA35003DA674 /* Model */ = {
			isa = PBXGroup;
			children = (
				D8A2BC691E48DA44003DA674 /* User.swift */,
			);
			name = Model;
			sourceTree = "<group>";
		};
/* End PBXGroup section */

/* Begin PBXNativeTarget section */
		D852329A1E46644700E3325D /* DeveloperChat */ = {
			isa = PBXNativeTarget;
			buildConfigurationList = D85232AD1E46644800E3325D /* Build configuration list for PBXNativeTarget "DeveloperChat" */;
			buildPhases = (
				4D8E8F486AB9C2A231AA642F /* [CP] Check Pods Manifest.lock */,
				D85232971E46644700E3325D /* Sources */,
				D85232981E46644700E3325D /* Frameworks */,
				D85232991E46644700E3325D /* Resources */,
				001718A17A052343FE758851 /* [CP] Embed Pods Frameworks */,
				FEAD88620981308D737C6B54 /* [CP] Copy Pods Resources */,
			);
			buildRules = (
			);
			dependencies = (
			);
			name = DeveloperChat;
			productName = DeveloperChat;
			productReference = D852329B1E46644700E3325D /* DeveloperChat.app */;
			productType = "com.apple.product-type.application";
		};
/* End PBXNativeTarget section */

/* Begin PBXProject section */
		D85232931E46644700E3325D /* Project object */ = {
			isa = PBXProject;
			attributes = {
				LastSwiftUpdateCheck = 0810;
				LastUpgradeCheck = 0820;
				ORGANIZATIONNAME = "Joseph Kim";
				TargetAttributes = {
					D852329A1E46644700E3325D = {
						CreatedOnToolsVersion = 8.1;
						DevelopmentTeam = C23R6NMUVD;
						LastSwiftMigration = 0820;
						ProvisioningStyle = Automatic;
					};
				};
			};
			buildConfigurationList = D85232961E46644700E3325D /* Build configuration list for PBXProject "DeveloperChat" */;
			compatibilityVersion = "Xcode 3.2";
			developmentRegion = English;
			hasScannedForEncodings = 0;
			knownRegions = (
				en,
				Base,
			);
			mainGroup = D85232921E46644700E3325D;
			productRefGroup = D852329C1E46644700E3325D /* Products */;
			projectDirPath = "";
			projectRoot = "";
			targets = (
				D852329A1E46644700E3325D /* DeveloperChat */,
			);
		};
/* End PBXProject section */

/* Begin PBXResourcesBuildPhase section */
		D85232991E46644700E3325D /* Resources */ = {
			isa = PBXResourcesBuildPhase;
			buildActionMask = 2147483647;
			files = (
				D85232A91E46644800E3325D /* LaunchScreen.storyboard in Resources */,
				D8A2BC571E48AEA7003DA674 /* GoogleService-Info.plist in Resources */,
				D85232A61E46644800E3325D /* Assets.xcassets in Resources */,
				D85232A41E46644800E3325D /* Main.storyboard in Resources */,
			);
			runOnlyForDeploymentPostprocessing = 0;
		};
/* End PBXResourcesBuildPhase section */

/* Begin PBXShellScriptBuildPhase section */
		001718A17A052343FE758851 /* [CP] Embed Pods Frameworks */ = {
			isa = PBXShellScriptBuildPhase;
			buildActionMask = 2147483647;
			files = (
			);
			inputPaths = (
			);
			name = "[CP] Embed Pods Frameworks";
			outputPaths = (
			);
			runOnlyForDeploymentPostprocessing = 0;
			shellPath = /bin/sh;
			shellScript = "\"${SRCROOT}/Pods/Target Support Files/Pods-DeveloperChat/Pods-DeveloperChat-frameworks.sh\"\n";
			showEnvVarsInLog = 0;
		};
		4D8E8F486AB9C2A231AA642F /* [CP] Check Pods Manifest.lock */ = {
			isa = PBXShellScriptBuildPhase;
			buildActionMask = 2147483647;
			files = (
			);
			inputPaths = (
			);
			name = "[CP] Check Pods Manifest.lock";
			outputPaths = (
			);
			runOnlyForDeploymentPostprocessing = 0;
			shellPath = /bin/sh;
			shellScript = "diff \"${PODS_ROOT}/../Podfile.lock\" \"${PODS_ROOT}/Manifest.lock\" > /dev/null\nif [ $? != 0 ] ; then\n    # print error to STDERR\n    echo \"error: The sandbox is not in sync with the Podfile.lock. Run 'pod install' or update your CocoaPods installation.\" >&2\n    exit 1\nfi\n";
			showEnvVarsInLog = 0;
		};
		FEAD88620981308D737C6B54 /* [CP] Copy Pods Resources */ = {
			isa = PBXShellScriptBuildPhase;
			buildActionMask = 2147483647;
			files = (
			);
			inputPaths = (
			);
			name = "[CP] Copy Pods Resources";
			outputPaths = (
			);
			runOnlyForDeploymentPostprocessing = 0;
			shellPath = /bin/sh;
			shellScript = "\"${SRCROOT}/Pods/Target Support Files/Pods-DeveloperChat/Pods-DeveloperChat-resources.sh\"\n";
			showEnvVarsInLog = 0;
		};
/* End PBXShellScriptBuildPhase section */

/* Begin PBXSourcesBuildPhase section */
		D85232971E46644700E3325D /* Sources */ = {
			isa = PBXSourcesBuildPhase;
			buildActionMask = 2147483647;
			files = (
				D8A2BC631E48D346003DA674 /* DataService.swift in Sources */,
				D85232A11E46644800E3325D /* CameraVC.swift in Sources */,
				D8A2BC5B1E48BB99003DA674 /* RoundedButton.swift in Sources */,
				D8A2BC5D1E48C6BF003DA674 /* LoginVC.swift in Sources */,
				D852329F1E46644800E3325D /* AppDelegate.swift in Sources */,
				D8A2BC651E48D63F003DA674 /* UsersVC.swift in Sources */,
				D8A2BC591E48B70D003DA674 /* RoundTextField.swift in Sources */,
				D8A2BC501E476458003DA674 /* AAPLCameraViewController.m in Sources */,
				D8A2BC6A1E48DA44003DA674 /* User.swift in Sources */,
				D8A2BC511E476458003DA674 /* AAPLPreviewView.m in Sources */,
				D8A2BC671E48D72E003DA674 /* UserCell.swift in Sources */,
				D8A2BC611E48C987003DA674 /* AuthService.swift in Sources */,
			);
			runOnlyForDeploymentPostprocessing = 0;
		};
/* End PBXSourcesBuildPhase section */

/* Begin PBXVariantGroup section */
		D85232A21E46644800E3325D /* Main.storyboard */ = {
			isa = PBXVariantGroup;
			children = (
				D85232A31E46644800E3325D /* Base */,
			);
			name = Main.storyboard;
			sourceTree = "<group>";
		};
		D85232A71E46644800E3325D /* LaunchScreen.storyboard */ = {
			isa = PBXVariantGroup;
			children = (
				D85232A81E46644800E3325D /* Base */,
			);
			name = LaunchScreen.storyboard;
			sourceTree = "<group>";
		};
/* End PBXVariantGroup section */

/* Begin XCBuildConfiguration section */
		D85232AB1E46644800E3325D /* Debug */ = {
			isa = XCBuildConfiguration;
			buildSettings = {
				ALWAYS_SEARCH_USER_PATHS = NO;
				CLANG_ANALYZER_NONNULL = YES;
				CLANG_CXX_LANGUAGE_STANDARD = "gnu++0x";
				CLANG_CXX_LIBRARY = "libc++";
				CLANG_ENABLE_MODULES = YES;
				CLANG_ENABLE_OBJC_ARC = YES;
				CLANG_WARN_BOOL_CONVERSION = YES;
				CLANG_WARN_CONSTANT_CONVERSION = YES;
				CLANG_WARN_DIRECT_OBJC_ISA_USAGE = YES_ERROR;
				CLANG_WARN_DOCUMENTATION_COMMENTS = YES;
				CLANG_WARN_EMPTY_BODY = YES;
				CLANG_WARN_ENUM_CONVERSION = YES;
				CLANG_WARN_INFINITE_RECURSION = YES;
				CLANG_WARN_INT_CONVERSION = YES;
				CLANG_WARN_OBJC_ROOT_CLASS = YES_ERROR;
				CLANG_WARN_SUSPICIOUS_MOVE = YES;
				CLANG_WARN_SUSPICIOUS_MOVES = YES;
				CLANG_WARN_UNREACHABLE_CODE = YES;
				CLANG_WARN__DUPLICATE_METHOD_MATCH = YES;
				"CODE_SIGN_IDENTITY[sdk=iphoneos*]" = "iPhone Developer";
				COPY_PHASE_STRIP = NO;
				DEBUG_INFORMATION_FORMAT = dwarf;
				ENABLE_STRICT_OBJC_MSGSEND = YES;
				ENABLE_TESTABILITY = YES;
				GCC_C_LANGUAGE_STANDARD = gnu99;
				GCC_DYNAMIC_NO_PIC = NO;
				GCC_NO_COMMON_BLOCKS = YES;
				GCC_OPTIMIZATION_LEVEL = 0;
				GCC_PREPROCESSOR_DEFINITIONS = (
					"DEBUG=1",
					"$(inherited)",
				);
				GCC_WARN_64_TO_32_BIT_CONVERSION = YES;
				GCC_WARN_ABOUT_RETURN_TYPE = YES_ERROR;
				GCC_WARN_UNDECLARED_SELECTOR = YES;
				GCC_WARN_UNINITIALIZED_AUTOS = YES_AGGRESSIVE;
				GCC_WARN_UNUSED_FUNCTION = YES;
				GCC_WARN_UNUSED_VARIABLE = YES;
				IPHONEOS_DEPLOYMENT_TARGET = 10.1;
				MTL_ENABLE_DEBUG_INFO = YES;
				ONLY_ACTIVE_ARCH = YES;
				SDKROOT = iphoneos;
				SWIFT_ACTIVE_COMPILATION_CONDITIONS = DEBUG;
				SWIFT_OPTIMIZATION_LEVEL = "-Onone";
				TARGETED_DEVICE_FAMILY = "1,2";
			};
			name = Debug;
		};
		D85232AC1E46644800E3325D /* Release */ = {
			isa = XCBuildConfiguration;
			buildSettings = {
				ALWAYS_SEARCH_USER_PATHS = NO;
				CLANG_ANALYZER_NONNULL = YES;
				CLANG_CXX_LANGUAGE_STANDARD = "gnu++0x";
				CLANG_CXX_LIBRARY = "libc++";
				CLANG_ENABLE_MODULES = YES;
				CLANG_ENABLE_OBJC_ARC = YES;
				CLANG_WARN_BOOL_CONVERSION = YES;
				CLANG_WARN_CONSTANT_CONVERSION = YES;
				CLANG_WARN_DIRECT_OBJC_ISA_USAGE = YES_ERROR;
				CLANG_WARN_DOCUMENTATION_COMMENTS = YES;
				CLANG_WARN_EMPTY_BODY = YES;
				CLANG_WARN_ENUM_CONVERSION = YES;
				CLANG_WARN_INFINITE_RECURSION = YES;
				CLANG_WARN_INT_CONVERSION = YES;
				CLANG_WARN_OBJC_ROOT_CLASS = YES_ERROR;
				CLANG_WARN_SUSPICIOUS_MOVE = YES;
				CLANG_WARN_SUSPICIOUS_MOVES = YES;
				CLANG_WARN_UNREACHABLE_CODE = YES;
				CLANG_WARN__DUPLICATE_METHOD_MATCH = YES;
				"CODE_SIGN_IDENTITY[sdk=iphoneos*]" = "iPhone Developer";
				COPY_PHASE_STRIP = NO;
				DEBUG_INFORMATION_FORMAT = "dwarf-with-dsym";
				ENABLE_NS_ASSERTIONS = NO;
				ENABLE_STRICT_OBJC_MSGSEND = YES;
				GCC_C_LANGUAGE_STANDARD = gnu99;
				GCC_NO_COMMON_BLOCKS = YES;
				GCC_WARN_64_TO_32_BIT_CONVERSION = YES;
				GCC_WARN_ABOUT_RETURN_TYPE = YES_ERROR;
				GCC_WARN_UNDECLARED_SELECTOR = YES;
				GCC_WARN_UNINITIALIZED_AUTOS = YES_AGGRESSIVE;
				GCC_WARN_UNUSED_FUNCTION = YES;
				GCC_WARN_UNUSED_VARIABLE = YES;
				IPHONEOS_DEPLOYMENT_TARGET = 10.1;
				MTL_ENABLE_DEBUG_INFO = NO;
				SDKROOT = iphoneos;
				SWIFT_OPTIMIZATION_LEVEL = "-Owholemodule";
				TARGETED_DEVICE_FAMILY = "1,2";
				VALIDATE_PRODUCT = YES;
			};
			name = Release;
		};
		D85232AE1E46644800E3325D /* Debug */ = {
			isa = XCBuildConfiguration;
			baseConfigurationReference = 4E56197560AB54FA1FA65CAE /* Pods-DeveloperChat.debug.xcconfig */;
			buildSettings = {
				ASSETCATALOG_COMPILER_APPICON_NAME = AppIcon;
				CLANG_ENABLE_MODULES = YES;
				DEVELOPMENT_TEAM = C23R6NMUVD;
				INFOPLIST_FILE = DeveloperChat/Info.plist;
				LD_RUNPATH_SEARCH_PATHS = "$(inherited) @executable_path/Frameworks";
				PRODUCT_BUNDLE_IDENTIFIER = com.codejk.DeveloperChat;
				PRODUCT_NAME = "$(TARGET_NAME)";
				SWIFT_OBJC_BRIDGING_HEADER = "DeveloperChat/DeveloperChat-Bridging-Header.h";
				SWIFT_OPTIMIZATION_LEVEL = "-Onone";
				SWIFT_VERSION = 3.0;
			};
			name = Debug;
		};
		D85232AF1E46644800E3325D /* Release */ = {
			isa = XCBuildConfiguration;
			baseConfigurationReference = 6E8E6CB62FFA0CFF07F34356 /* Pods-DeveloperChat.release.xcconfig */;
			buildSettings = {
				ASSETCATALOG_COMPILER_APPICON_NAME = AppIcon;
				CLANG_ENABLE_MODULES = YES;
				DEVELOPMENT_TEAM = C23R6NMUVD;
				INFOPLIST_FILE = DeveloperChat/Info.plist;
				LD_RUNPATH_SEARCH_PATHS = "$(inherited) @executable_path/Frameworks";
				PRODUCT_BUNDLE_IDENTIFIER = com.codejk.DeveloperChat;
				PRODUCT_NAME = "$(TARGET_NAME)";
				SWIFT_OBJC_BRIDGING_HEADER = "DeveloperChat/DeveloperChat-Bridging-Header.h";
				SWIFT_VERSION = 3.0;
			};
			name = Release;
		};
/* End XCBuildConfiguration section */

/* Begin XCConfigurationList section */
		D85232961E46644700E3325D /* Build configuration list for PBXProject "DeveloperChat" */ = {
			isa = XCConfigurationList;
			buildConfigurations = (
				D85232AB1E46644800E3325D /* Debug */,
				D85232AC1E46644800E3325D /* Release */,
			);
			defaultConfigurationIsVisible = 0;
			defaultConfigurationName = Release;
		};
		D85232AD1E46644800E3325D /* Build configuration list for PBXNativeTarget "DeveloperChat" */ = {
			isa = XCConfigurationList;
			buildConfigurations = (
				D85232AE1E46644800E3325D /* Debug */,
				D85232AF1E46644800E3325D /* Release */,
			);
			defaultConfigurationIsVisible = 0;
			defaultConfigurationName = Release;
		};
/* End XCConfigurationList section */
	};
	rootObject = D85232931E46644700E3325D /* Project object */;
}
